
Microsoft Visual Studio Solution File, Format Version 12.00
# Visual Studio 14
VisualStudioVersion = 14.0.24720.0
MinimumVisualStudioVersion = 10.0.40219.1
Project("{FAE04EC0-301F-11D3-BF4B-00C04F79EFBC}") = "Notenizer", "Notenizer\Notenizer.csproj", "{DB9A310A-10F3-462C-B435-43FEFD6DA363}"
EndProject
Project("{FAE04EC0-301F-11D3-BF4B-00C04F79EFBC}") = "CLI", "CLI\CLI.csproj", "{41DCABFB-1E13-492B-BDC5-64EC95397AC6}"
EndProject
Project("{FAE04EC0-301F-11D3-BF4B-00C04F79EFBC}") = "Extensions", "Extensions\Extensions.csproj", "{A935E0EC-5E82-46B1-A209-405D11FAA30C}"
EndProject
Project("{FAE04EC0-301F-11D3-BF4B-00C04F79EFBC}") = "NotenizerObjects", "NotenizerObjects\NotenizerObjects.csproj", "{6FDBBEC7-9ACC-44EA-AAF3-86D771EE5F46}"
EndProject
Project("{FAE04EC0-301F-11D3-BF4B-00C04F79EFBC}") = "Constants", "Constants\Constants.csproj", "{CE035769-8676-4EF9-A711-17DA8ECD8E17}"
EndProject
Project("{FAE04EC0-301F-11D3-BF4B-00C04F79EFBC}") = "DB", "DB\DB.csproj", "{B91DE5E7-3FD7-4087-85D6-A69EB30BE1CC}"
EndProject
Project("{FAE04EC0-301F-11D3-BF4B-00C04F79EFBC}") = "Enums", "Enums\Enums.csproj", "{57E4152F-A7B5-4107-9EEB-54BB78BF6DFC}"
EndProject
Project("{FAE04EC0-301F-11D3-BF4B-00C04F79EFBC}") = "GUI", "GUI\GUI.csproj", "{208B708E-6053-4877-AAA4-E08987AD2FB8}"
EndProject
Project("{FAE04EC0-301F-11D3-BF4B-00C04F79EFBC}") = "Components", "Components\Components.csproj", "{DCA7CEA9-B077-492C-A5B4-298650FF1BEE}"
EndProject
Project("{FAE04EC0-301F-11D3-BF4B-00C04F79EFBC}") = "Interfaces", "Interfaces\Interfaces.csproj", "{654FBC57-770B-473A-AE1F-B75122886EDD}"
EndProject
Project("{FAE04EC0-301F-11D3-BF4B-00C04F79EFBC}") = "Parsers", "Parsers\Parsers.csproj", "{26543069-4B17-4652-AC7C-01202A8BF751}"
EndProject
Project("{FAE04EC0-301F-11D3-BF4B-00C04F79EFBC}") = "Exceptions", "Exceptions\Exceptions.csproj", "{B5F177D2-8C6C-40CB-A0C1-5F6FED5CDB29}"
EndProject
Project("{FAE04EC0-301F-11D3-BF4B-00C04F79EFBC}") = "Comparsions", "Comparisons\Comparsions.csproj", "{572A94E4-FA4F-4F48-AA8A-BCFE070B1B18}"
EndProject
Project("{FAE04EC0-301F-11D3-BF4B-00C04F79EFBC}") = "Services", "Services\Services.csproj", "{768F9185-C372-4A22-ACAE-2C01101D598D}"
EndProject
Global
	GlobalSection(SolutionConfigurationPlatforms) = preSolution
		Debug|Any CPU = Debug|Any CPU
		Release|Any CPU = Release|Any CPU
	EndGlobalSection
	GlobalSection(ProjectConfigurationPlatforms) = postSolution
		{DB9A310A-10F3-462C-B435-43FEFD6DA363}.Debug|Any CPU.ActiveCfg = Debug|Any CPU
		{DB9A310A-10F3-462C-B435-43FEFD6DA363}.Debug|Any CPU.Build.0 = Debug|Any CPU
		{DB9A310A-10F3-462C-B435-43FEFD6DA363}.Release|Any CPU.ActiveCfg = Release|Any CPU
		{DB9A310A-10F3-462C-B435-43FEFD6DA363}.Release|Any CPU.Build.0 = Release|Any CPU
		{41DCABFB-1E13-492B-BDC5-64EC95397AC6}.Debug|Any CPU.ActiveCfg = Debug|Any CPU
		{41DCABFB-1E13-492B-BDC5-64EC95397AC6}.Debug|Any CPU.Build.0 = Debug|Any CPU
		{41DCABFB-1E13-492B-BDC5-64EC95397AC6}.Release|Any CPU.ActiveCfg = Release|Any CPU
		{41DCABFB-1E13-492B-BDC5-64EC95397AC6}.Release|Any CPU.Build.0 = Release|Any CPU
		{A935E0EC-5E82-46B1-A209-405D11FAA30C}.Debug|Any CPU.ActiveCfg = Debug|Any CPU
		{A935E0EC-5E82-46B1-A209-405D11FAA30C}.Debug|Any CPU.Build.0 = Debug|Any CPU
		{A935E0EC-5E82-46B1-A209-405D11FAA30C}.Release|Any CPU.ActiveCfg = Release|Any CPU
		{A935E0EC-5E82-46B1-A209-405D11FAA30C}.Release|Any CPU.Build.0 = Release|Any CPU
		{6FDBBEC7-9ACC-44EA-AAF3-86D771EE5F46}.Debug|Any CPU.ActiveCfg = Debug|Any CPU
		{6FDBBEC7-9ACC-44EA-AAF3-86D771EE5F46}.Debug|Any CPU.Build.0 = Debug|Any CPU
		{6FDBBEC7-9ACC-44EA-AAF3-86D771EE5F46}.Release|Any CPU.ActiveCfg = Release|Any CPU
		{6FDBBEC7-9ACC-44EA-AAF3-86D771EE5F46}.Release|Any CPU.Build.0 = Release|Any CPU
		{CE035769-8676-4EF9-A711-17DA8ECD8E17}.Debug|Any CPU.ActiveCfg = Debug|Any CPU
		{CE035769-8676-4EF9-A711-17DA8ECD8E17}.Debug|Any CPU.Build.0 = Debug|Any CPU
		{CE035769-8676-4EF9-A711-17DA8ECD8E17}.Release|Any CPU.ActiveCfg = Release|Any CPU
		{CE035769-8676-4EF9-A711-17DA8ECD8E17}.Release|Any CPU.Build.0 = Release|Any CPU
		{B91DE5E7-3FD7-4087-85D6-A69EB30BE1CC}.Debug|Any CPU.ActiveCfg = Debug|Any CPU
		{B91DE5E7-3FD7-4087-85D6-A69EB30BE1CC}.Debug|Any CPU.Build.0 = Debug|Any CPU
		{B91DE5E7-3FD7-4087-85D6-A69EB30BE1CC}.Release|Any CPU.ActiveCfg = Release|Any CPU
		{B91DE5E7-3FD7-4087-85D6-A69EB30BE1CC}.Release|Any CPU.Build.0 = Release|Any CPU
		{57E4152F-A7B5-4107-9EEB-54BB78BF6DFC}.Debug|Any CPU.ActiveCfg = Debug|Any CPU
		{57E4152F-A7B5-4107-9EEB-54BB78BF6DFC}.Debug|Any CPU.Build.0 = Debug|Any CPU
		{57E4152F-A7B5-4107-9EEB-54BB78BF6DFC}.Release|Any CPU.ActiveCfg = Release|Any CPU
		{57E4152F-A7B5-4107-9EEB-54BB78BF6DFC}.Release|Any CPU.Build.0 = Release|Any CPU
		{208B708E-6053-4877-AAA4-E08987AD2FB8}.Debug|Any CPU.ActiveCfg = Debug|Any CPU
		{208B708E-6053-4877-AAA4-E08987AD2FB8}.Debug|Any CPU.Build.0 = Debug|Any CPU
		{208B708E-6053-4877-AAA4-E08987AD2FB8}.Release|Any CPU.ActiveCfg = Release|Any CPU
		{208B708E-6053-4877-AAA4-E08987AD2FB8}.Release|Any CPU.Build.0 = Release|Any CPU
		{DCA7CEA9-B077-492C-A5B4-298650FF1BEE}.Debug|Any CPU.ActiveCfg = Debug|Any CPU
		{DCA7CEA9-B077-492C-A5B4-298650FF1BEE}.Debug|Any CPU.Build.0 = Debug|Any CPU
		{DCA7CEA9-B077-492C-A5B4-298650FF1BEE}.Release|Any CPU.ActiveCfg = Release|Any CPU
		{DCA7CEA9-B077-492C-A5B4-298650FF1BEE}.Release|Any CPU.Build.0 = Release|Any CPU
		{654FBC57-770B-473A-AE1F-B75122886EDD}.Debug|Any CPU.ActiveCfg = Debug|Any CPU
		{654FBC57-770B-473A-AE1F-B75122886EDD}.Debug|Any CPU.Build.0 = Debug|Any CPU
		{654FBC57-770B-473A-AE1F-B75122886EDD}.Release|Any CPU.ActiveCfg = Release|Any CPU
		{654FBC57-770B-473A-AE1F-B75122886EDD}.Release|Any CPU.Build.0 = Release|Any CPU
		{26543069-4B17-4652-AC7C-01202A8BF751}.Debug|Any CPU.ActiveCfg = Debug|Any CPU
		{26543069-4B17-4652-AC7C-01202A8BF751}.Debug|Any CPU.Build.0 = Debug|Any CPU
		{26543069-4B17-4652-AC7C-01202A8BF751}.Release|Any CPU.ActiveCfg = Release|Any CPU
		{26543069-4B17-4652-AC7C-01202A8BF751}.Release|Any CPU.Build.0 = Release|Any CPU
		{B5F177D2-8C6C-40CB-A0C1-5F6FED5CDB29}.Debug|Any CPU.ActiveCfg = Debug|Any CPU
		{B5F177D2-8C6C-40CB-A0C1-5F6FED5CDB29}.Debug|Any CPU.Build.0 = Debug|Any CPU
		{B5F177D2-8C6C-40CB-A0C1-5F6FED5CDB29}.Release|Any CPU.ActiveCfg = Release|Any CPU
		{B5F177D2-8C6C-40CB-A0C1-5F6FED5CDB29}.Release|Any CPU.Build.0 = Release|Any CPU
		{572A94E4-FA4F-4F48-AA8A-BCFE070B1B18}.Debug|Any CPU.ActiveCfg = Debug|Any CPU
		{572A94E4-FA4F-4F48-AA8A-BCFE070B1B18}.Debug|Any CPU.Build.0 = Debug|Any CPU
		{572A94E4-FA4F-4F48-AA8A-BCFE070B1B18}.Release|Any CPU.ActiveCfg = Release|Any CPU
		{572A94E4-FA4F-4F48-AA8A-BCFE070B1B18}.Release|Any CPU.Build.0 = Release|Any CPU
		{768F9185-C372-4A22-ACAE-2C01101D598D}.Debug|Any CPU.ActiveCfg = Debug|Any CPU
		{768F9185-C372-4A22-ACAE-2C01101D598D}.Debug|Any CPU.Build.0 = Debug|Any CPU
		{768F9185-C372-4A22-ACAE-2C01101D598D}.Release|Any CPU.ActiveCfg = Release|Any CPU
		{768F9185-C372-4A22-ACAE-2C01101D598D}.Release|Any CPU.Build.0 = Release|Any CPU
	EndGlobalSection
	GlobalSection(SolutionProperties) = preSolution
		HideSolutionNode = FALSE
	EndGlobalSection
EndGlobal
