
Microsoft Visual Studio Solution File, Format Version 12.00
# Visual Studio 14
VisualStudioVersion = 14.0.23107.0
MinimumVisualStudioVersion = 10.0.40219.1
Project("{FAE04EC0-301F-11D3-BF4B-00C04F79EFBC}") = "Notenizer", "Notenizer\Notenizer.csproj", "{DB9A310A-10F3-462C-B435-43FEFD6DA363}"
EndProject
Project("{FAE04EC0-301F-11D3-BF4B-00C04F79EFBC}") = "CLI", "CLI\CLI.csproj", "{41DCABFB-1E13-492B-BDC5-64EC95397AC6}"
EndProject
Project("{FAE04EC0-301F-11D3-BF4B-00C04F79EFBC}") = "Extensions", "Extensions\Extensions.csproj", "{A935E0EC-5E82-46B1-A209-405D11FAA30C}"
EndProject
Project("{FAE04EC0-301F-11D3-BF4B-00C04F79EFBC}") = "NotenizerObjects", "NotenizerObjects\NotenizerObjects.csproj", "{6FDBBEC7-9ACC-44EA-AAF3-86D771EE5F46}"
EndProject
Project("{FAE04EC0-301F-11D3-BF4B-00C04F79EFBC}") = "Constants", "Constants\Constants.csproj", "{CE035769-8676-4EF9-A711-17DA8ECD8E17}"
EndProject
Project("{FAE04EC0-301F-11D3-BF4B-00C04F79EFBC}") = "DB", "DB\DB.csproj", "{B91DE5E7-3FD7-4087-85D6-A69EB30BE1CC}"
EndProject
Project("{FAE04EC0-301F-11D3-BF4B-00C04F79EFBC}") = "Enums", "Enums\Enums.csproj", "{57E4152F-A7B5-4107-9EEB-54BB78BF6DFC}"
EndProject
Global
	GlobalSection(SolutionConfigurationPlatforms) = preSolution
		Debug|Any CPU = Debug|Any CPU
		Release|Any CPU = Release|Any CPU
	EndGlobalSection
	GlobalSection(ProjectConfigurationPlatforms) = postSolution
		{DB9A310A-10F3-462C-B435-43FEFD6DA363}.Debug|Any CPU.ActiveCfg = Debug|Any CPU
		{DB9A310A-10F3-462C-B435-43FEFD6DA363}.Debug|Any CPU.Build.0 = Debug|Any CPU
		{DB9A310A-10F3-462C-B435-43FEFD6DA363}.Release|Any CPU.ActiveCfg = Release|Any CPU
		{DB9A310A-10F3-462C-B435-43FEFD6DA363}.Release|Any CPU.Build.0 = Release|Any CPU
		{41DCABFB-1E13-492B-BDC5-64EC95397AC6}.Debug|Any CPU.ActiveCfg = Debug|Any CPU
		{41DCABFB-1E13-492B-BDC5-64EC95397AC6}.Debug|Any CPU.Build.0 = Debug|Any CPU
		{41DCABFB-1E13-492B-BDC5-64EC95397AC6}.Release|Any CPU.ActiveCfg = Release|Any CPU
		{41DCABFB-1E13-492B-BDC5-64EC95397AC6}.Release|Any CPU.Build.0 = Release|Any CPU
		{A935E0EC-5E82-46B1-A209-405D11FAA30C}.Debug|Any CPU.ActiveCfg = Debug|Any CPU
		{A935E0EC-5E82-46B1-A209-405D11FAA30C}.Debug|Any CPU.Build.0 = Debug|Any CPU
		{A935E0EC-5E82-46B1-A209-405D11FAA30C}.Release|Any CPU.ActiveCfg = Release|Any CPU
		{A935E0EC-5E82-46B1-A209-405D11FAA30C}.Release|Any CPU.Build.0 = Release|Any CPU
		{6FDBBEC7-9ACC-44EA-AAF3-86D771EE5F46}.Debug|Any CPU.ActiveCfg = Debug|Any CPU
		{6FDBBEC7-9ACC-44EA-AAF3-86D771EE5F46}.Debug|Any CPU.Build.0 = Debug|Any CPU
		{6FDBBEC7-9ACC-44EA-AAF3-86D771EE5F46}.Release|Any CPU.ActiveCfg = Release|Any CPU
		{6FDBBEC7-9ACC-44EA-AAF3-86D771EE5F46}.Release|Any CPU.Build.0 = Release|Any CPU
		{CE035769-8676-4EF9-A711-17DA8ECD8E17}.Debug|Any CPU.ActiveCfg = Debug|Any CPU
		{CE035769-8676-4EF9-A711-17DA8ECD8E17}.Debug|Any CPU.Build.0 = Debug|Any CPU
		{CE035769-8676-4EF9-A711-17DA8ECD8E17}.Release|Any CPU.ActiveCfg = Release|Any CPU
		{CE035769-8676-4EF9-A711-17DA8ECD8E17}.Release|Any CPU.Build.0 = Release|Any CPU
		{B91DE5E7-3FD7-4087-85D6-A69EB30BE1CC}.Debug|Any CPU.ActiveCfg = Debug|Any CPU
		{B91DE5E7-3FD7-4087-85D6-A69EB30BE1CC}.Debug|Any CPU.Build.0 = Debug|Any CPU
		{B91DE5E7-3FD7-4087-85D6-A69EB30BE1CC}.Release|Any CPU.ActiveCfg = Release|Any CPU
		{B91DE5E7-3FD7-4087-85D6-A69EB30BE1CC}.Release|Any CPU.Build.0 = Release|Any CPU
		{57E4152F-A7B5-4107-9EEB-54BB78BF6DFC}.Debug|Any CPU.ActiveCfg = Debug|Any CPU
		{57E4152F-A7B5-4107-9EEB-54BB78BF6DFC}.Debug|Any CPU.Build.0 = Debug|Any CPU
		{57E4152F-A7B5-4107-9EEB-54BB78BF6DFC}.Release|Any CPU.ActiveCfg = Release|Any CPU
		{57E4152F-A7B5-4107-9EEB-54BB78BF6DFC}.Release|Any CPU.Build.0 = Release|Any CPU
	EndGlobalSection
	GlobalSection(SolutionProperties) = preSolution
		HideSolutionNode = FALSE
	EndGlobalSection
EndGlobal
